
Microsoft Visual Studio Solution File, Format Version 12.00
# Visual Studio 15
Project("{FAE04EC0-301F-11D3-BF4B-00C04F79EFBC}") = "FirstApp.Android", "FirstApp.Android\FirstApp.Android.csproj", "{A52D7D8C-AB69-4B52-8FDE-3BBC713DC8A7}"
EndProject
Project("{FAE04EC0-301F-11D3-BF4B-00C04F79EFBC}") = "FirstApp.iOS", "FirstApp.iOS\FirstApp.iOS.csproj", "{A8FB6804-EB4B-4C97-9663-8E4AE6BE4433}"
EndProject
Project("{FAE04EC0-301F-11D3-BF4B-00C04F79EFBC}") = "FirstApp", "FirstApp\FirstApp.csproj", "{42014106-4DCC-4F2D-8E44-130B5FC7F7FA}"
EndProject
Global
	GlobalSection(SolutionConfigurationPlatforms) = preSolution
		Debug|Any CPU = Debug|Any CPU
		Release|Any CPU = Release|Any CPU
		Debug|iPhoneSimulator = Debug|iPhoneSimulator
		Release|iPhoneSimulator = Release|iPhoneSimulator
		Debug|iPhone = Debug|iPhone
		Release|iPhone = Release|iPhone
		Ad-Hoc|iPhone = Ad-Hoc|iPhone
		AppStore|iPhone = AppStore|iPhone
	EndGlobalSection
	GlobalSection(ProjectConfigurationPlatforms) = postSolution
		{A52D7D8C-AB69-4B52-8FDE-3BBC713DC8A7}.Debug|Any CPU.ActiveCfg = Debug|Any CPU
		{A52D7D8C-AB69-4B52-8FDE-3BBC713DC8A7}.Debug|Any CPU.Build.0 = Debug|Any CPU
		{A52D7D8C-AB69-4B52-8FDE-3BBC713DC8A7}.Release|Any CPU.ActiveCfg = Release|Any CPU
		{A52D7D8C-AB69-4B52-8FDE-3BBC713DC8A7}.Release|Any CPU.Build.0 = Release|Any CPU
		{A52D7D8C-AB69-4B52-8FDE-3BBC713DC8A7}.Debug|iPhoneSimulator.ActiveCfg = Debug|Any CPU
		{A52D7D8C-AB69-4B52-8FDE-3BBC713DC8A7}.Debug|iPhoneSimulator.Build.0 = Debug|Any CPU
		{A52D7D8C-AB69-4B52-8FDE-3BBC713DC8A7}.Release|iPhoneSimulator.ActiveCfg = Release|Any CPU
		{A52D7D8C-AB69-4B52-8FDE-3BBC713DC8A7}.Release|iPhoneSimulator.Build.0 = Release|Any CPU
		{A52D7D8C-AB69-4B52-8FDE-3BBC713DC8A7}.Debug|iPhone.ActiveCfg = Debug|Any CPU
		{A52D7D8C-AB69-4B52-8FDE-3BBC713DC8A7}.Debug|iPhone.Build.0 = Debug|Any CPU
		{A52D7D8C-AB69-4B52-8FDE-3BBC713DC8A7}.Release|iPhone.ActiveCfg = Release|Any CPU
		{A52D7D8C-AB69-4B52-8FDE-3BBC713DC8A7}.Release|iPhone.Build.0 = Release|Any CPU
		{A52D7D8C-AB69-4B52-8FDE-3BBC713DC8A7}.Ad-Hoc|iPhone.ActiveCfg = Debug|Any CPU
		{A52D7D8C-AB69-4B52-8FDE-3BBC713DC8A7}.Ad-Hoc|iPhone.Build.0 = Debug|Any CPU
		{A52D7D8C-AB69-4B52-8FDE-3BBC713DC8A7}.AppStore|iPhone.ActiveCfg = Debug|Any CPU
		{A52D7D8C-AB69-4B52-8FDE-3BBC713DC8A7}.AppStore|iPhone.Build.0 = Debug|Any CPU
		{A8FB6804-EB4B-4C97-9663-8E4AE6BE4433}.Debug|Any CPU.ActiveCfg = Debug|iPhoneSimulator
		{A8FB6804-EB4B-4C97-9663-8E4AE6BE4433}.Debug|Any CPU.Build.0 = Debug|iPhoneSimulator
		{A8FB6804-EB4B-4C97-9663-8E4AE6BE4433}.Release|Any CPU.ActiveCfg = Release|iPhoneSimulator
		{A8FB6804-EB4B-4C97-9663-8E4AE6BE4433}.Release|Any CPU.Build.0 = Release|iPhoneSimulator
		{A8FB6804-EB4B-4C97-9663-8E4AE6BE4433}.Debug|iPhoneSimulator.ActiveCfg = Debug|iPhoneSimulator
		{A8FB6804-EB4B-4C97-9663-8E4AE6BE4433}.Debug|iPhoneSimulator.Build.0 = Debug|iPhoneSimulator
		{A8FB6804-EB4B-4C97-9663-8E4AE6BE4433}.Release|iPhoneSimulator.ActiveCfg = Release|iPhoneSimulator
		{A8FB6804-EB4B-4C97-9663-8E4AE6BE4433}.Release|iPhoneSimulator.Build.0 = Release|iPhoneSimulator
		{A8FB6804-EB4B-4C97-9663-8E4AE6BE4433}.Debug|iPhone.ActiveCfg = Debug|iPhone
		{A8FB6804-EB4B-4C97-9663-8E4AE6BE4433}.Debug|iPhone.Build.0 = Debug|iPhone
		{A8FB6804-EB4B-4C97-9663-8E4AE6BE4433}.Release|iPhone.ActiveCfg = Release|iPhone
		{A8FB6804-EB4B-4C97-9663-8E4AE6BE4433}.Release|iPhone.Build.0 = Release|iPhone
		{A8FB6804-EB4B-4C97-9663-8E4AE6BE4433}.Ad-Hoc|iPhone.ActiveCfg = Ad-Hoc|iPhone
		{A8FB6804-EB4B-4C97-9663-8E4AE6BE4433}.Ad-Hoc|iPhone.Build.0 = Ad-Hoc|iPhone
		{A8FB6804-EB4B-4C97-9663-8E4AE6BE4433}.AppStore|iPhone.ActiveCfg = AppStore|iPhone
		{A8FB6804-EB4B-4C97-9663-8E4AE6BE4433}.AppStore|iPhone.Build.0 = AppStore|iPhone
		{42014106-4DCC-4F2D-8E44-130B5FC7F7FA}.Debug|Any CPU.ActiveCfg = Debug|Any CPU
		{42014106-4DCC-4F2D-8E44-130B5FC7F7FA}.Debug|Any CPU.Build.0 = Debug|Any CPU
		{42014106-4DCC-4F2D-8E44-130B5FC7F7FA}.Release|Any CPU.ActiveCfg = Release|Any CPU
		{42014106-4DCC-4F2D-8E44-130B5FC7F7FA}.Release|Any CPU.Build.0 = Release|Any CPU
		{42014106-4DCC-4F2D-8E44-130B5FC7F7FA}.Debug|iPhoneSimulator.ActiveCfg = Debug|Any CPU
		{42014106-4DCC-4F2D-8E44-130B5FC7F7FA}.Debug|iPhoneSimulator.Build.0 = Debug|Any CPU
		{42014106-4DCC-4F2D-8E44-130B5FC7F7FA}.Release|iPhoneSimulator.ActiveCfg = Release|Any CPU
		{42014106-4DCC-4F2D-8E44-130B5FC7F7FA}.Release|iPhoneSimulator.Build.0 = Release|Any CPU
		{42014106-4DCC-4F2D-8E44-130B5FC7F7FA}.Debug|iPhone.ActiveCfg = Debug|Any CPU
		{42014106-4DCC-4F2D-8E44-130B5FC7F7FA}.Debug|iPhone.Build.0 = Debug|Any CPU
		{42014106-4DCC-4F2D-8E44-130B5FC7F7FA}.Release|iPhone.ActiveCfg = Release|Any CPU
		{42014106-4DCC-4F2D-8E44-130B5FC7F7FA}.Release|iPhone.Build.0 = Release|Any CPU
		{42014106-4DCC-4F2D-8E44-130B5FC7F7FA}.Ad-Hoc|iPhone.ActiveCfg = Debug|Any CPU
		{42014106-4DCC-4F2D-8E44-130B5FC7F7FA}.Ad-Hoc|iPhone.Build.0 = Debug|Any CPU
		{42014106-4DCC-4F2D-8E44-130B5FC7F7FA}.AppStore|iPhone.ActiveCfg = Debug|Any CPU
		{42014106-4DCC-4F2D-8E44-130B5FC7F7FA}.AppStore|iPhone.Build.0 = Debug|Any CPU
	EndGlobalSection
EndGlobal
